
Microsoft Visual Studio Solution File, Format Version 12.00
# Visual Studio 15
Project("{FAE04EC0-301F-11D3-BF4B-00C04F79EFBC}") = "Boxophobic.Utils.Scripts", "Boxophobic.Utils.Scripts.csproj", "{AAC02FAD-5851-8D00-6E9D-146E355B7851}"
EndProject
Project("{FAE04EC0-301F-11D3-BF4B-00C04F79EFBC}") = "Assembly-CSharp", "Assembly-CSharp.csproj", "{477C699B-E76A-9C21-CF0E-2CC578F57090}"
EndProject
Project("{FAE04EC0-301F-11D3-BF4B-00C04F79EFBC}") = "Unity.XR.Interaction.Toolkit.Samples.StarterAssets", "Unity.XR.Interaction.Toolkit.Samples.StarterAssets.csproj", "{842DCD1B-BA14-5795-F964-E0D59E0FF069}"
EndProject
Project("{FAE04EC0-301F-11D3-BF4B-00C04F79EFBC}") = "Boxophobic.Utils.Editor", "Boxophobic.Utils.Editor.csproj", "{D0EA4D94-4217-CE43-628E-FF66F6D315F5}"
EndProject
Project("{FAE04EC0-301F-11D3-BF4B-00C04F79EFBC}") = "Boxophobic.SkyboxCubemapExtended.Editor", "Boxophobic.SkyboxCubemapExtended.Editor.csproj", "{2A251785-6DA2-CAEE-A09D-4F4AE080D4B7}"
EndProject
Project("{FAE04EC0-301F-11D3-BF4B-00C04F79EFBC}") = "Unity.XR.Interaction.Toolkit.Samples.StarterAssets.Editor", "Unity.XR.Interaction.Toolkit.Samples.StarterAssets.Editor.csproj", "{308A5D9D-7462-8B98-988D-C8024853694E}"
EndProject
Global
	GlobalSection(SolutionConfigurationPlatforms) = preSolution
		Debug|Any CPU = Debug|Any CPU
		Release|Any CPU = Release|Any CPU
	EndGlobalSection
	GlobalSection(ProjectConfigurationPlatforms) = postSolution
		{AAC02FAD-5851-8D00-6E9D-146E355B7851}.Debug|Any CPU.ActiveCfg = Debug|Any CPU
		{AAC02FAD-5851-8D00-6E9D-146E355B7851}.Debug|Any CPU.Build.0 = Debug|Any CPU
		{AAC02FAD-5851-8D00-6E9D-146E355B7851}.Release|Any CPU.ActiveCfg = Release|Any CPU
		{AAC02FAD-5851-8D00-6E9D-146E355B7851}.Release|Any CPU.Build.0 = Release|Any CPU
		{477C699B-E76A-9C21-CF0E-2CC578F57090}.Debug|Any CPU.ActiveCfg = Debug|Any CPU
		{477C699B-E76A-9C21-CF0E-2CC578F57090}.Debug|Any CPU.Build.0 = Debug|Any CPU
		{477C699B-E76A-9C21-CF0E-2CC578F57090}.Release|Any CPU.ActiveCfg = Release|Any CPU
		{477C699B-E76A-9C21-CF0E-2CC578F57090}.Release|Any CPU.Build.0 = Release|Any CPU
		{842DCD1B-BA14-5795-F964-E0D59E0FF069}.Debug|Any CPU.ActiveCfg = Debug|Any CPU
		{842DCD1B-BA14-5795-F964-E0D59E0FF069}.Debug|Any CPU.Build.0 = Debug|Any CPU
		{842DCD1B-BA14-5795-F964-E0D59E0FF069}.Release|Any CPU.ActiveCfg = Release|Any CPU
		{842DCD1B-BA14-5795-F964-E0D59E0FF069}.Release|Any CPU.Build.0 = Release|Any CPU
		{D0EA4D94-4217-CE43-628E-FF66F6D315F5}.Debug|Any CPU.ActiveCfg = Debug|Any CPU
		{D0EA4D94-4217-CE43-628E-FF66F6D315F5}.Debug|Any CPU.Build.0 = Debug|Any CPU
		{D0EA4D94-4217-CE43-628E-FF66F6D315F5}.Release|Any CPU.ActiveCfg = Release|Any CPU
		{D0EA4D94-4217-CE43-628E-FF66F6D315F5}.Release|Any CPU.Build.0 = Release|Any CPU
		{2A251785-6DA2-CAEE-A09D-4F4AE080D4B7}.Debug|Any CPU.ActiveCfg = Debug|Any CPU
		{2A251785-6DA2-CAEE-A09D-4F4AE080D4B7}.Debug|Any CPU.Build.0 = Debug|Any CPU
		{2A251785-6DA2-CAEE-A09D-4F4AE080D4B7}.Release|Any CPU.ActiveCfg = Release|Any CPU
		{2A251785-6DA2-CAEE-A09D-4F4AE080D4B7}.Release|Any CPU.Build.0 = Release|Any CPU
		{308A5D9D-7462-8B98-988D-C8024853694E}.Debug|Any CPU.ActiveCfg = Debug|Any CPU
		{308A5D9D-7462-8B98-988D-C8024853694E}.Debug|Any CPU.Build.0 = Debug|Any CPU
		{308A5D9D-7462-8B98-988D-C8024853694E}.Release|Any CPU.ActiveCfg = Release|Any CPU
		{308A5D9D-7462-8B98-988D-C8024853694E}.Release|Any CPU.Build.0 = Release|Any CPU
	EndGlobalSection
	GlobalSection(SolutionProperties) = preSolution
		HideSolutionNode = FALSE
	EndGlobalSection
EndGlobal
