
Microsoft Visual Studio Solution File, Format Version 12.00
# Visual Studio Version 17
VisualStudioVersion = 17.6.33723.286
MinimumVisualStudioVersion = 10.0.40219.1
Project("{FAE04EC0-301F-11D3-BF4B-00C04F79EFBC}") = "Main", "Main\Main.csproj", "{A3A51C02-08E0-46EA-8120-3DD507BF2986}"
EndProject
Project("{FAE04EC0-301F-11D3-BF4B-00C04F79EFBC}") = "Common", "Common\Common.csproj", "{17B8B3DD-5375-41BF-96BC-6A91CF6B01C7}"
EndProject
Global
	GlobalSection(SolutionConfigurationPlatforms) = preSolution
		Debug|Any CPU = Debug|Any CPU
		Release|Any CPU = Release|Any CPU
	EndGlobalSection
	GlobalSection(ProjectConfigurationPlatforms) = postSolution
		{A3A51C02-08E0-46EA-8120-3DD507BF2986}.Debug|Any CPU.ActiveCfg = Debug|Any CPU
		{A3A51C02-08E0-46EA-8120-3DD507BF2986}.Debug|Any CPU.Build.0 = Debug|Any CPU
		{A3A51C02-08E0-46EA-8120-3DD507BF2986}.Release|Any CPU.ActiveCfg = Release|Any CPU
		{A3A51C02-08E0-46EA-8120-3DD507BF2986}.Release|Any CPU.Build.0 = Release|Any CPU
		{17B8B3DD-5375-41BF-96BC-6A91CF6B01C7}.Debug|Any CPU.ActiveCfg = Debug|Any CPU
		{17B8B3DD-5375-41BF-96BC-6A91CF6B01C7}.Debug|Any CPU.Build.0 = Debug|Any CPU
		{17B8B3DD-5375-41BF-96BC-6A91CF6B01C7}.Release|Any CPU.ActiveCfg = Release|Any CPU
		{17B8B3DD-5375-41BF-96BC-6A91CF6B01C7}.Release|Any CPU.Build.0 = Release|Any CPU
	EndGlobalSection
	GlobalSection(SolutionProperties) = preSolution
		HideSolutionNode = FALSE
	EndGlobalSection
	GlobalSection(ExtensibilityGlobals) = postSolution
		SolutionGuid = {87CC9AB7-BA5D-4CFB-B24F-D6E92F14861F}
	EndGlobalSection
EndGlobal
